
Microsoft Visual Studio Solution File, Format Version 12.00
# Visual Studio Version 17
VisualStudioVersion = 17.9.34728.123
MinimumVisualStudioVersion = 10.0.40219.1
Project("{FAE04EC0-301F-11D3-BF4B-00C04F79EFBC}") = "WineLib", "WineLib\WineLib.csproj", "{A7EF250A-5150-4814-8CD3-BE4D25F041F9}"
EndProject
Project("{FAE04EC0-301F-11D3-BF4B-00C04F79EFBC}") = "WineLibTests", "WineLibTests\WineLibTests.csproj", "{D74346A9-1F57-4E49-92EB-C0CF62D418C4}"
EndProject
Global
	GlobalSection(SolutionConfigurationPlatforms) = preSolution
		Debug|Any CPU = Debug|Any CPU
		Release|Any CPU = Release|Any CPU
	EndGlobalSection
	GlobalSection(ProjectConfigurationPlatforms) = postSolution
		{A7EF250A-5150-4814-8CD3-BE4D25F041F9}.Debug|Any CPU.ActiveCfg = Debug|Any CPU
		{A7EF250A-5150-4814-8CD3-BE4D25F041F9}.Debug|Any CPU.Build.0 = Debug|Any CPU
		{A7EF250A-5150-4814-8CD3-BE4D25F041F9}.Release|Any CPU.ActiveCfg = Release|Any CPU
		{A7EF250A-5150-4814-8CD3-BE4D25F041F9}.Release|Any CPU.Build.0 = Release|Any CPU
		{D74346A9-1F57-4E49-92EB-C0CF62D418C4}.Debug|Any CPU.ActiveCfg = Debug|Any CPU
		{D74346A9-1F57-4E49-92EB-C0CF62D418C4}.Debug|Any CPU.Build.0 = Debug|Any CPU
		{D74346A9-1F57-4E49-92EB-C0CF62D418C4}.Release|Any CPU.ActiveCfg = Release|Any CPU
		{D74346A9-1F57-4E49-92EB-C0CF62D418C4}.Release|Any CPU.Build.0 = Release|Any CPU
	EndGlobalSection
	GlobalSection(SolutionProperties) = preSolution
		HideSolutionNode = FALSE
	EndGlobalSection
	GlobalSection(ExtensibilityGlobals) = postSolution
		SolutionGuid = {48CBBD44-578D-4695-BE36-12F7593469BB}
	EndGlobalSection
EndGlobal
